
Microsoft Visual Studio Solution File, Format Version 12.00
# Visual Studio Version 16
VisualStudioVersion = 16.0.31515.178
MinimumVisualStudioVersion = 10.0.40219.1
Project("{9A19103F-16F7-4668-BE54-9A1E7A4F7556}") = "XpsWpf", "XpsWpf\XpsWpf.csproj", "{58993E27-F4EB-4D28-B521-FA8CDFC7A475}"
EndProject
Project("{FAE04EC0-301F-11D3-BF4B-00C04F79EFBC}") = "XpsWinForms", "XpsForms\XpsWinForms.csproj", "{C25EF399-191E-4508-8349-9A5C0C2E6C00}"
EndProject
Global
	GlobalSection(SolutionConfigurationPlatforms) = preSolution
		Debug|Any CPU = Debug|Any CPU
		Release|Any CPU = Release|Any CPU
	EndGlobalSection
	GlobalSection(ProjectConfigurationPlatforms) = postSolution
		{58993E27-F4EB-4D28-B521-FA8CDFC7A475}.Debug|Any CPU.ActiveCfg = Debug|Any CPU
		{58993E27-F4EB-4D28-B521-FA8CDFC7A475}.Debug|Any CPU.Build.0 = Debug|Any CPU
		{58993E27-F4EB-4D28-B521-FA8CDFC7A475}.Release|Any CPU.ActiveCfg = Release|Any CPU
		{58993E27-F4EB-4D28-B521-FA8CDFC7A475}.Release|Any CPU.Build.0 = Release|Any CPU
		{C25EF399-191E-4508-8349-9A5C0C2E6C00}.Debug|Any CPU.ActiveCfg = Debug|Any CPU
		{C25EF399-191E-4508-8349-9A5C0C2E6C00}.Debug|Any CPU.Build.0 = Debug|Any CPU
		{C25EF399-191E-4508-8349-9A5C0C2E6C00}.Release|Any CPU.ActiveCfg = Release|Any CPU
		{C25EF399-191E-4508-8349-9A5C0C2E6C00}.Release|Any CPU.Build.0 = Release|Any CPU
	EndGlobalSection
	GlobalSection(SolutionProperties) = preSolution
		HideSolutionNode = FALSE
	EndGlobalSection
	GlobalSection(ExtensibilityGlobals) = postSolution
		SolutionGuid = {BC645D04-AB85-44F4-BAB6-98FFD059BF76}
	EndGlobalSection
EndGlobal
