
Microsoft Visual Studio Solution File, Format Version 12.00
# Visual Studio Version 16
VisualStudioVersion = 16.0.31515.178
MinimumVisualStudioVersion = 10.0.40219.1
Project("{FAE04EC0-301F-11D3-BF4B-00C04F79EFBC}") = "XpsWinForms", "XpsForms\XpsWinForms.csproj", "{C25EF399-191E-4508-8349-9A5C0C2E6C00}"
EndProject
Project("{9A19103F-16F7-4668-BE54-9A1E7A4F7556}") = "Wpf-Xps-PrintDialogPrintDoc", "Wpf-Xps-PrintDialog\Wpf-Xps-PrintDialogPrintDoc.csproj", "{73F70329-A7BE-462F-865E-59E3C2623367}"
EndProject
Project("{9A19103F-16F7-4668-BE54-9A1E7A4F7556}") = "Wpf-Xps-PrintTicket", "Wpf-Xps-PrintTicket\Wpf-Xps-PrintTicket.csproj", "{09BDA6BF-10B3-4A7D-89F2-B8CAD663BBE6}"
EndProject
Project("{9A19103F-16F7-4668-BE54-9A1E7A4F7556}") = "Wpf-Xps-XpsDocWriter", "Wpf-Xps-XpsDocWriter\Wpf-Xps-XpsDocWriter.csproj", "{2C6CEA50-6F85-41A1-A601-B0F2D3C2E6ED}"
EndProject
Project("{9A19103F-16F7-4668-BE54-9A1E7A4F7556}") = "Wpf-Xps-PrintQueueAddJob", "Wpf-Xps-PrintQueueAddJob\Wpf-Xps-PrintQueueAddJob.csproj", "{48AAC914-6A55-4D30-91B4-0D303C71A7BC}"
EndProject
Global
	GlobalSection(SolutionConfigurationPlatforms) = preSolution
		Debug|Any CPU = Debug|Any CPU
		Release|Any CPU = Release|Any CPU
	EndGlobalSection
	GlobalSection(ProjectConfigurationPlatforms) = postSolution
		{C25EF399-191E-4508-8349-9A5C0C2E6C00}.Debug|Any CPU.ActiveCfg = Debug|Any CPU
		{C25EF399-191E-4508-8349-9A5C0C2E6C00}.Debug|Any CPU.Build.0 = Debug|Any CPU
		{C25EF399-191E-4508-8349-9A5C0C2E6C00}.Release|Any CPU.ActiveCfg = Release|Any CPU
		{C25EF399-191E-4508-8349-9A5C0C2E6C00}.Release|Any CPU.Build.0 = Release|Any CPU
		{73F70329-A7BE-462F-865E-59E3C2623367}.Debug|Any CPU.ActiveCfg = Debug|Any CPU
		{73F70329-A7BE-462F-865E-59E3C2623367}.Debug|Any CPU.Build.0 = Debug|Any CPU
		{73F70329-A7BE-462F-865E-59E3C2623367}.Release|Any CPU.ActiveCfg = Release|Any CPU
		{73F70329-A7BE-462F-865E-59E3C2623367}.Release|Any CPU.Build.0 = Release|Any CPU
		{09BDA6BF-10B3-4A7D-89F2-B8CAD663BBE6}.Debug|Any CPU.ActiveCfg = Debug|Any CPU
		{09BDA6BF-10B3-4A7D-89F2-B8CAD663BBE6}.Debug|Any CPU.Build.0 = Debug|Any CPU
		{09BDA6BF-10B3-4A7D-89F2-B8CAD663BBE6}.Release|Any CPU.ActiveCfg = Release|Any CPU
		{09BDA6BF-10B3-4A7D-89F2-B8CAD663BBE6}.Release|Any CPU.Build.0 = Release|Any CPU
		{2C6CEA50-6F85-41A1-A601-B0F2D3C2E6ED}.Debug|Any CPU.ActiveCfg = Debug|Any CPU
		{2C6CEA50-6F85-41A1-A601-B0F2D3C2E6ED}.Debug|Any CPU.Build.0 = Debug|Any CPU
		{2C6CEA50-6F85-41A1-A601-B0F2D3C2E6ED}.Release|Any CPU.ActiveCfg = Release|Any CPU
		{2C6CEA50-6F85-41A1-A601-B0F2D3C2E6ED}.Release|Any CPU.Build.0 = Release|Any CPU
		{48AAC914-6A55-4D30-91B4-0D303C71A7BC}.Debug|Any CPU.ActiveCfg = Debug|Any CPU
		{48AAC914-6A55-4D30-91B4-0D303C71A7BC}.Debug|Any CPU.Build.0 = Debug|Any CPU
		{48AAC914-6A55-4D30-91B4-0D303C71A7BC}.Release|Any CPU.ActiveCfg = Release|Any CPU
		{48AAC914-6A55-4D30-91B4-0D303C71A7BC}.Release|Any CPU.Build.0 = Release|Any CPU
	EndGlobalSection
	GlobalSection(SolutionProperties) = preSolution
		HideSolutionNode = FALSE
	EndGlobalSection
	GlobalSection(ExtensibilityGlobals) = postSolution
		SolutionGuid = {BC645D04-AB85-44F4-BAB6-98FFD059BF76}
	EndGlobalSection
EndGlobal
